
Microsoft Visual Studio Solution File, Format Version 12.00
# Visual Studio Version 17
VisualStudioVersion = 17.5.002.0
MinimumVisualStudioVersion = 10.0.40219.1
Project("{9A19103F-16F7-4668-BE54-9A1E7A4F7556}") = "source", "source.csproj", "{B218743B-D15E-4D12-9578-02ADEE025D31}"
EndProject
Global
	GlobalSection(SolutionConfigurationPlatforms) = preSolution
		Debug|Any CPU = Debug|Any CPU
		Release|Any CPU = Release|Any CPU
	EndGlobalSection
	GlobalSection(ProjectConfigurationPlatforms) = postSolution
		{B218743B-D15E-4D12-9578-02ADEE025D31}.Debug|Any CPU.ActiveCfg = Debug|Any CPU
		{B218743B-D15E-4D12-9578-02ADEE025D31}.Debug|Any CPU.Build.0 = Debug|Any CPU
		{B218743B-D15E-4D12-9578-02ADEE025D31}.Release|Any CPU.ActiveCfg = Release|Any CPU
		{B218743B-D15E-4D12-9578-02ADEE025D31}.Release|Any CPU.Build.0 = Release|Any CPU
	EndGlobalSection
	GlobalSection(SolutionProperties) = preSolution
		HideSolutionNode = FALSE
	EndGlobalSection
	GlobalSection(ExtensibilityGlobals) = postSolution
		SolutionGuid = {41D5C845-7A67-437F-A238-00C0FB38BFF5}
	EndGlobalSection
EndGlobal
